
Microsoft Visual Studio Solution File, Format Version 12.00
# Visual Studio Version 17
VisualStudioVersion = 17.10.35122.118
MinimumVisualStudioVersion = 10.0.40219.1
Project("{8BC9CEB8-8B4A-11D0-8D11-00A0C91BC942}") = "diffusion_masking", "diffusion_masking\diffusion_masking.vcxproj", "{AA0FAD0D-D2C8-447B-AB5E-41051FBE9FAF}"
EndProject
Global
	GlobalSection(SolutionConfigurationPlatforms) = preSolution
		Debug|x64 = Debug|x64
		Release|x64 = Release|x64
	EndGlobalSection
	GlobalSection(ProjectConfigurationPlatforms) = postSolution
		{AA0FAD0D-D2C8-447B-AB5E-41051FBE9FAF}.Debug|x64.ActiveCfg = Debug|x64
		{AA0FAD0D-D2C8-447B-AB5E-41051FBE9FAF}.Debug|x64.Build.0 = Debug|x64
		{AA0FAD0D-D2C8-447B-AB5E-41051FBE9FAF}.Release|x64.ActiveCfg = Release|x64
		{AA0FAD0D-D2C8-447B-AB5E-41051FBE9FAF}.Release|x64.Build.0 = Release|x64
	EndGlobalSection
	GlobalSection(SolutionProperties) = preSolution
		HideSolutionNode = FALSE
	EndGlobalSection
	GlobalSection(ExtensibilityGlobals) = postSolution
		SolutionGuid = {7D1ECEFA-254B-47D0-97AD-A8671FD06ECB}
	EndGlobalSection
EndGlobal
